
Microsoft Visual Studio Solution File, Format Version 12.00
# Visual Studio Version 16
VisualStudioVersion = 16.0.31702.278
MinimumVisualStudioVersion = 10.0.40219.1
Project("{8BC9CEB8-8B4A-11D0-8D11-00A0C91BC942}") = "cardgame", "cardgame.vcxproj", "{1C3C88F3-809E-4062-91EF-91E9502CDB69}"
EndProject
Global
	GlobalSection(SolutionConfigurationPlatforms) = preSolution
		Debug|x64 = Debug|x64
		Debug|x86 = Debug|x86
		Release|x64 = Release|x64
		Release|x86 = Release|x86
	EndGlobalSection
	GlobalSection(ProjectConfigurationPlatforms) = postSolution
		{1C3C88F3-809E-4062-91EF-91E9502CDB69}.Debug|x64.ActiveCfg = Debug|x64
		{1C3C88F3-809E-4062-91EF-91E9502CDB69}.Debug|x64.Build.0 = Debug|x64
		{1C3C88F3-809E-4062-91EF-91E9502CDB69}.Debug|x86.ActiveCfg = Debug|Win32
		{1C3C88F3-809E-4062-91EF-91E9502CDB69}.Debug|x86.Build.0 = Debug|Win32
		{1C3C88F3-809E-4062-91EF-91E9502CDB69}.Release|x64.ActiveCfg = Release|x64
		{1C3C88F3-809E-4062-91EF-91E9502CDB69}.Release|x64.Build.0 = Release|x64
		{1C3C88F3-809E-4062-91EF-91E9502CDB69}.Release|x86.ActiveCfg = Release|Win32
		{1C3C88F3-809E-4062-91EF-91E9502CDB69}.Release|x86.Build.0 = Release|Win32
	EndGlobalSection
	GlobalSection(SolutionProperties) = preSolution
		HideSolutionNode = FALSE
	EndGlobalSection
	GlobalSection(ExtensibilityGlobals) = postSolution
		SolutionGuid = {949D1337-D941-4739-B979-C6013F3C09B2}
	EndGlobalSection
EndGlobal
